
Microsoft Visual Studio Solution File, Format Version 12.00
# Visual Studio 15
VisualStudioVersion = 15.0.26206.0
MinimumVisualStudioVersion = 10.0.40219.1
Project("{2150E333-8FDC-42A3-9474-1A3956D46DE8}") = "src", "src", "{1D6EC164-7C38-489A-85C3-8D339DDC3020}"
EndProject
Project("{2150E333-8FDC-42A3-9474-1A3956D46DE8}") = "Solution Items", "Solution Items", "{F9E5253D-8DEF-4F49-B1B0-19AE7A7E9066}"
	ProjectSection(SolutionItems) = preProject
		README.md = README.md
	EndProjectSection
EndProject
Project("{2150E333-8FDC-42A3-9474-1A3956D46DE8}") = "test", "test", "{216CFA79-7927-438A-B474-6EE1825E65A8}"
EndProject
Project("{FAE04EC0-301F-11D3-BF4B-00C04F79EFBC}") = "PureNetStandard", "PureNetStandard\PureNetStandard.csproj", "{1AE214F8-2FAB-455B-904A-F4BBAFC5E9D7}"
EndProject
Project("{FAE04EC0-301F-11D3-BF4B-00C04F79EFBC}") = "Xamarin.Standard", "Xamarin.Standard\Xamarin.Standard.csproj", "{D7042F58-9724-4B20-AF2B-DC848B25296A}"
EndProject
Project("{FAE04EC0-301F-11D3-BF4B-00C04F79EFBC}") = "Xamarin.Sample", "Xamarin.Sample\Xamarin.Sample.csproj", "{A58E3F38-98C8-46A6-ABD8-0A5700533728}"
EndProject
Project("{FAE04EC0-301F-11D3-BF4B-00C04F79EFBC}") = "UWP.Sample.App", "UWP.Sample.App\UWP.Sample.App.csproj", "{504E6F7B-6A68-464D-BD28-E293792D61B5}"
EndProject
Global
	GlobalSection(SolutionConfigurationPlatforms) = preSolution
		Debug|Any CPU = Debug|Any CPU
		Debug|ARM = Debug|ARM
		Debug|x64 = Debug|x64
		Debug|x86 = Debug|x86
		Release|Any CPU = Release|Any CPU
		Release|ARM = Release|ARM
		Release|x64 = Release|x64
		Release|x86 = Release|x86
	EndGlobalSection
	GlobalSection(ProjectConfigurationPlatforms) = postSolution
		{1AE214F8-2FAB-455B-904A-F4BBAFC5E9D7}.Debug|Any CPU.ActiveCfg = Debug|Any CPU
		{1AE214F8-2FAB-455B-904A-F4BBAFC5E9D7}.Debug|Any CPU.Build.0 = Debug|Any CPU
		{1AE214F8-2FAB-455B-904A-F4BBAFC5E9D7}.Debug|ARM.ActiveCfg = Debug|Any CPU
		{1AE214F8-2FAB-455B-904A-F4BBAFC5E9D7}.Debug|ARM.Build.0 = Debug|Any CPU
		{1AE214F8-2FAB-455B-904A-F4BBAFC5E9D7}.Debug|x64.ActiveCfg = Debug|x64
		{1AE214F8-2FAB-455B-904A-F4BBAFC5E9D7}.Debug|x64.Build.0 = Debug|x64
		{1AE214F8-2FAB-455B-904A-F4BBAFC5E9D7}.Debug|x86.ActiveCfg = Debug|x86
		{1AE214F8-2FAB-455B-904A-F4BBAFC5E9D7}.Debug|x86.Build.0 = Debug|x86
		{1AE214F8-2FAB-455B-904A-F4BBAFC5E9D7}.Release|Any CPU.ActiveCfg = Release|Any CPU
		{1AE214F8-2FAB-455B-904A-F4BBAFC5E9D7}.Release|Any CPU.Build.0 = Release|Any CPU
		{1AE214F8-2FAB-455B-904A-F4BBAFC5E9D7}.Release|ARM.ActiveCfg = Release|Any CPU
		{1AE214F8-2FAB-455B-904A-F4BBAFC5E9D7}.Release|ARM.Build.0 = Release|Any CPU
		{1AE214F8-2FAB-455B-904A-F4BBAFC5E9D7}.Release|x64.ActiveCfg = Release|x64
		{1AE214F8-2FAB-455B-904A-F4BBAFC5E9D7}.Release|x64.Build.0 = Release|x64
		{1AE214F8-2FAB-455B-904A-F4BBAFC5E9D7}.Release|x86.ActiveCfg = Release|x86
		{1AE214F8-2FAB-455B-904A-F4BBAFC5E9D7}.Release|x86.Build.0 = Release|x86
		{D7042F58-9724-4B20-AF2B-DC848B25296A}.Debug|Any CPU.ActiveCfg = Debug|Any CPU
		{D7042F58-9724-4B20-AF2B-DC848B25296A}.Debug|Any CPU.Build.0 = Debug|Any CPU
		{D7042F58-9724-4B20-AF2B-DC848B25296A}.Debug|ARM.ActiveCfg = Debug|Any CPU
		{D7042F58-9724-4B20-AF2B-DC848B25296A}.Debug|ARM.Build.0 = Debug|Any CPU
		{D7042F58-9724-4B20-AF2B-DC848B25296A}.Debug|x64.ActiveCfg = Debug|x64
		{D7042F58-9724-4B20-AF2B-DC848B25296A}.Debug|x64.Build.0 = Debug|x64
		{D7042F58-9724-4B20-AF2B-DC848B25296A}.Debug|x86.ActiveCfg = Debug|x86
		{D7042F58-9724-4B20-AF2B-DC848B25296A}.Debug|x86.Build.0 = Debug|x86
		{D7042F58-9724-4B20-AF2B-DC848B25296A}.Release|Any CPU.ActiveCfg = Release|Any CPU
		{D7042F58-9724-4B20-AF2B-DC848B25296A}.Release|Any CPU.Build.0 = Release|Any CPU
		{D7042F58-9724-4B20-AF2B-DC848B25296A}.Release|ARM.ActiveCfg = Release|Any CPU
		{D7042F58-9724-4B20-AF2B-DC848B25296A}.Release|ARM.Build.0 = Release|Any CPU
		{D7042F58-9724-4B20-AF2B-DC848B25296A}.Release|x64.ActiveCfg = Release|x64
		{D7042F58-9724-4B20-AF2B-DC848B25296A}.Release|x64.Build.0 = Release|x64
		{D7042F58-9724-4B20-AF2B-DC848B25296A}.Release|x86.ActiveCfg = Release|x86
		{D7042F58-9724-4B20-AF2B-DC848B25296A}.Release|x86.Build.0 = Release|x86
		{A58E3F38-98C8-46A6-ABD8-0A5700533728}.Debug|Any CPU.ActiveCfg = Debug|Any CPU
		{A58E3F38-98C8-46A6-ABD8-0A5700533728}.Debug|Any CPU.Build.0 = Debug|Any CPU
		{A58E3F38-98C8-46A6-ABD8-0A5700533728}.Debug|ARM.ActiveCfg = Debug|Any CPU
		{A58E3F38-98C8-46A6-ABD8-0A5700533728}.Debug|ARM.Build.0 = Debug|Any CPU
		{A58E3F38-98C8-46A6-ABD8-0A5700533728}.Debug|x64.ActiveCfg = Debug|x64
		{A58E3F38-98C8-46A6-ABD8-0A5700533728}.Debug|x64.Build.0 = Debug|x64
		{A58E3F38-98C8-46A6-ABD8-0A5700533728}.Debug|x86.ActiveCfg = Debug|x86
		{A58E3F38-98C8-46A6-ABD8-0A5700533728}.Debug|x86.Build.0 = Debug|x86
		{A58E3F38-98C8-46A6-ABD8-0A5700533728}.Release|Any CPU.ActiveCfg = Release|Any CPU
		{A58E3F38-98C8-46A6-ABD8-0A5700533728}.Release|Any CPU.Build.0 = Release|Any CPU
		{A58E3F38-98C8-46A6-ABD8-0A5700533728}.Release|ARM.ActiveCfg = Release|Any CPU
		{A58E3F38-98C8-46A6-ABD8-0A5700533728}.Release|ARM.Build.0 = Release|Any CPU
		{A58E3F38-98C8-46A6-ABD8-0A5700533728}.Release|x64.ActiveCfg = Release|x64
		{A58E3F38-98C8-46A6-ABD8-0A5700533728}.Release|x64.Build.0 = Release|x64
		{A58E3F38-98C8-46A6-ABD8-0A5700533728}.Release|x86.ActiveCfg = Release|x86
		{A58E3F38-98C8-46A6-ABD8-0A5700533728}.Release|x86.Build.0 = Release|x86
		{504E6F7B-6A68-464D-BD28-E293792D61B5}.Debug|Any CPU.ActiveCfg = Debug|x86
		{504E6F7B-6A68-464D-BD28-E293792D61B5}.Debug|ARM.ActiveCfg = Debug|ARM
		{504E6F7B-6A68-464D-BD28-E293792D61B5}.Debug|ARM.Build.0 = Debug|ARM
		{504E6F7B-6A68-464D-BD28-E293792D61B5}.Debug|ARM.Deploy.0 = Debug|ARM
		{504E6F7B-6A68-464D-BD28-E293792D61B5}.Debug|x64.ActiveCfg = Debug|x64
		{504E6F7B-6A68-464D-BD28-E293792D61B5}.Debug|x64.Build.0 = Debug|x64
		{504E6F7B-6A68-464D-BD28-E293792D61B5}.Debug|x64.Deploy.0 = Debug|x64
		{504E6F7B-6A68-464D-BD28-E293792D61B5}.Debug|x86.ActiveCfg = Debug|x86
		{504E6F7B-6A68-464D-BD28-E293792D61B5}.Debug|x86.Build.0 = Debug|x86
		{504E6F7B-6A68-464D-BD28-E293792D61B5}.Debug|x86.Deploy.0 = Debug|x86
		{504E6F7B-6A68-464D-BD28-E293792D61B5}.Release|Any CPU.ActiveCfg = Release|x86
		{504E6F7B-6A68-464D-BD28-E293792D61B5}.Release|ARM.ActiveCfg = Release|ARM
		{504E6F7B-6A68-464D-BD28-E293792D61B5}.Release|ARM.Build.0 = Release|ARM
		{504E6F7B-6A68-464D-BD28-E293792D61B5}.Release|ARM.Deploy.0 = Release|ARM
		{504E6F7B-6A68-464D-BD28-E293792D61B5}.Release|x64.ActiveCfg = Release|x64
		{504E6F7B-6A68-464D-BD28-E293792D61B5}.Release|x64.Build.0 = Release|x64
		{504E6F7B-6A68-464D-BD28-E293792D61B5}.Release|x64.Deploy.0 = Release|x64
		{504E6F7B-6A68-464D-BD28-E293792D61B5}.Release|x86.ActiveCfg = Release|x86
		{504E6F7B-6A68-464D-BD28-E293792D61B5}.Release|x86.Build.0 = Release|x86
		{504E6F7B-6A68-464D-BD28-E293792D61B5}.Release|x86.Deploy.0 = Release|x86
	EndGlobalSection
	GlobalSection(SolutionProperties) = preSolution
		HideSolutionNode = FALSE
	EndGlobalSection
	GlobalSection(NestedProjects) = preSolution
		{1AE214F8-2FAB-455B-904A-F4BBAFC5E9D7} = {1D6EC164-7C38-489A-85C3-8D339DDC3020}
		{D7042F58-9724-4B20-AF2B-DC848B25296A} = {1D6EC164-7C38-489A-85C3-8D339DDC3020}
		{A58E3F38-98C8-46A6-ABD8-0A5700533728} = {216CFA79-7927-438A-B474-6EE1825E65A8}
		{504E6F7B-6A68-464D-BD28-E293792D61B5} = {216CFA79-7927-438A-B474-6EE1825E65A8}
	EndGlobalSection
EndGlobal
